dependencies:
- name: kagenti-operator-chart
  repository: oci://ghcr.io/kagenti/kagenti-operator
  version: 0.2.0-alpha.17
- name: kagenti-webhook-chart
  repository: oci://ghcr.io/kagenti/kagenti-extensions
  version: 0.1.0-alpha.6
digest: sha256:fb1f60e6a05a7c36a99d7be2e186e17c5612e790885e043b32304dae605b6789
generated: "2025-11-22T14:25:46.31757-05:00"

