dependencies:
- name: kagenti-platform-operator-chart
  repository: oci://ghcr.io/kagenti/kagenti-operator
  version: 0.2.0-alpha.16
- name: kagenti-operator-chart
  repository: oci://ghcr.io/kagenti/kagenti-operator
  version: 0.2.0-alpha.17
digest: sha256:79f5027ed854172062227a46737c95d0c688d3a10af59aceb88083dc9850e8c0
generated: "2025-11-23T21:30:25.291362-08:00"
